
Microsoft Visual Studio Solution File, Format Version 12.00
Project("{FAE04EC0-301F-11D3-BF4B-00C04F79EFBC}") = "Bank", "Bank\Bank.csproj", "{018369A1-5A2E-40E9-BFB5-BA4531604D8C}"
EndProject
Project("{FAE04EC0-301F-11D3-BF4B-00C04F79EFBC}") = "BankTests", "BankTests\BankTests.csproj", "{6B417EF2-AB19-41F1-A7ED-73077CF9C292}"
EndProject
Global
	GlobalSection(SolutionConfigurationPlatforms) = preSolution
		Debug|Any CPU = Debug|Any CPU
		Release|Any CPU = Release|Any CPU
	EndGlobalSection
	GlobalSection(ProjectConfigurationPlatforms) = postSolution
		{018369A1-5A2E-40E9-BFB5-BA4531604D8C}.Debug|Any CPU.ActiveCfg = Debug|Any CPU
		{018369A1-5A2E-40E9-BFB5-BA4531604D8C}.Debug|Any CPU.Build.0 = Debug|Any CPU
		{018369A1-5A2E-40E9-BFB5-BA4531604D8C}.Release|Any CPU.ActiveCfg = Release|Any CPU
		{018369A1-5A2E-40E9-BFB5-BA4531604D8C}.Release|Any CPU.Build.0 = Release|Any CPU
		{6B417EF2-AB19-41F1-A7ED-73077CF9C292}.Debug|Any CPU.ActiveCfg = Debug|Any CPU
		{6B417EF2-AB19-41F1-A7ED-73077CF9C292}.Debug|Any CPU.Build.0 = Debug|Any CPU
		{6B417EF2-AB19-41F1-A7ED-73077CF9C292}.Release|Any CPU.ActiveCfg = Release|Any CPU
		{6B417EF2-AB19-41F1-A7ED-73077CF9C292}.Release|Any CPU.Build.0 = Release|Any CPU
	EndGlobalSection
EndGlobal
